// !$*UTF8*$!
{
	archiveVersion = 1;
	classes = {
	};
	objectVersion = 51;
	objects = {

/* Begin PBXBuildFile section */
		2A917B2925200C9800DC46E1 /* MovieDetailsViewController.swift in Sources */ = {isa = PBXBuildFile; fileRef = 2A917B2825200C9800DC46E1 /* MovieDetailsViewController.swift */; };
		2A917B3C25206D3400DC46E1 /* MoviesViewController.swift in Sources */ = {isa = PBXBuildFile; fileRef = 2A917B3B25206D3400DC46E1 /* MoviesViewController.swift */; };
		2A917B4725206F7700DC46E1 /* MovieGridViewController.swift in Sources */ = {isa = PBXBuildFile; fileRef = 2A917B4625206F7700DC46E1 /* MovieGridViewController.swift */; };
		2A917B4A25206FE500DC46E1 /* MovieGridCell.swift in Sources */ = {isa = PBXBuildFile; fileRef = 2A917B4925206FE500DC46E1 /* MovieGridCell.swift */; };
		2A917B4D2520E24D00DC46E1 /* MovieTrailorViewController.swift in Sources */ = {isa = PBXBuildFile; fileRef = 2A917B4C2520E24D00DC46E1 /* MovieTrailorViewController.swift */; };
		2AD8C481251AE39B0021155A /* AppDelegate.swift in Sources */ = {isa = PBXBuildFile; fileRef = 2AD8C480251AE39B0021155A /* AppDelegate.swift */; };
		2AD8C483251AE39B0021155A /* SceneDelegate.swift in Sources */ = {isa = PBXBuildFile; fileRef = 2AD8C482251AE39B0021155A /* SceneDelegate.swift */; };
		2AD8C488251AE39B0021155A /* Main.storyboard in Resources */ = {isa = PBXBuildFile; fileRef = 2AD8C486251AE39B0021155A /* Main.storyboard */; };
		2AD8C48A251AE39E0021155A /* Assets.xcassets in Resources */ = {isa = PBXBuildFile; fileRef = 2AD8C489251AE39E0021155A /* Assets.xcassets */; };
		2AD8C48D251AE39E0021155A /* LaunchScreen.storyboard in Resources */ = {isa = PBXBuildFile; fileRef = 2AD8C48B251AE39E0021155A /* LaunchScreen.storyboard */; };
		2AD8C49D251AEB910021155A /* moviesCell.swift in Sources */ = {isa = PBXBuildFile; fileRef = 2AD8C49C251AEB910021155A /* moviesCell.swift */; };
		BE20ED5349189D32A092A79C /* Pods_Flix.framework in Frameworks */ = {isa = PBXBuildFile; fileRef = 31C550D5F327E52B409CF749 /* Pods_Flix.framework */; };
/* End PBXBuildFile section */

/* Begin PBXFileReference section */
		069EC77B658A3ABAA0BCFBFA /* Pods-Flix.release.xcconfig */ = {isa = PBXFileReference; includeInIndex = 1; lastKnownFileType = text.xcconfig; name = "Pods-Flix.release.xcconfig"; path = "Target Support Files/Pods-Flix/Pods-Flix.release.xcconfig"; sourceTree = "<group>"; };
		2A917B2825200C9800DC46E1 /* MovieDetailsViewController.swift */ = {isa = PBXFileReference; lastKnownFileType = sourcecode.swift; path = MovieDetailsViewController.swift; sourceTree = "<group>"; };
		2A917B3B25206D3400DC46E1 /* MoviesViewController.swift */ = {isa = PBXFileReference; fileEncoding = 4; lastKnownFileType = sourcecode.swift; name = MoviesViewController.swift; path = ../../../../../.Trash/MoviesViewController.swift; sourceTree = "<group>"; };
		2A917B4625206F7700DC46E1 /* MovieGridViewController.swift */ = {isa = PBXFileReference; lastKnownFileType = sourcecode.swift; path = MovieGridViewController.swift; sourceTree = "<group>"; };
		2A917B4925206FE500DC46E1 /* MovieGridCell.swift */ = {isa = PBXFileReference; lastKnownFileType = sourcecode.swift; path = MovieGridCell.swift; sourceTree = "<group>"; };
		2A917B4C2520E24D00DC46E1 /* MovieTrailorViewController.swift */ = {isa = PBXFileReference; lastKnownFileType = sourcecode.swift; path = MovieTrailorViewController.swift; sourceTree = "<group>"; };
		2AD8C47D251AE39B0021155A /* Flix.app */ = {isa = PBXFileReference; explicitFileType = wrapper.application; includeInIndex = 0; path = Flix.app; sourceTree = BUILT_PRODUCTS_DIR; };
		2AD8C480251AE39B0021155A /* AppDelegate.swift */ = {isa = PBXFileReference; lastKnownFileType = sourcecode.swift; path = AppDelegate.swift; sourceTree = "<group>"; };
		2AD8C482251AE39B0021155A /* SceneDelegate.swift */ = {isa = PBXFileReference; lastKnownFileType = sourcecode.swift; path = SceneDelegate.swift; sourceTree = "<group>"; };
		2AD8C487251AE39B0021155A /* Base */ = {isa = PBXFileReference; lastKnownFileType = file.storyboard; name = Base; path = Base.lproj/Main.storyboard; sourceTree = "<group>"; };
		2AD8C489251AE39E0021155A /* Assets.xcassets */ = {isa = PBXFileReference; lastKnownFileType = folder.assetcatalog; path = Assets.xcassets; sourceTree = "<group>"; };
		2AD8C48C251AE39E0021155A /* Base */ = {isa = PBXFileReference; lastKnownFileType = file.storyboard; name = Base; path = Base.lproj/LaunchScreen.storyboard; sourceTree = "<group>"; };
		2AD8C48E251AE39E0021155A /* Info.plist */ = {isa = PBXFileReference; lastKnownFileType = text.plist.xml; path = Info.plist; sourceTree = "<group>"; };
		2AD8C49C251AEB910021155A /* moviesCell.swift */ = {isa = PBXFileReference; lastKnownFileType = sourcecode.swift; path = moviesCell.swift; sourceTree = "<group>"; };
		31C550D5F327E52B409CF749 /* Pods_Flix.framework */ = {isa = PBXFileReference; explicitFileType = wrapper.framework; includeInIndex = 0; path = Pods_Flix.framework; sourceTree = BUILT_PRODUCTS_DIR; };
		8A16089735057E8658237447 /* Pods-Flix.debug.xcconfig */ = {isa = PBXFileReference; includeInIndex = 1; lastKnownFileType = text.xcconfig; name = "Pods-Flix.debug.xcconfig"; path = "Target Support Files/Pods-Flix/Pods-Flix.debug.xcconfig"; sourceTree = "<group>"; };
/* End PBXFileReference section */

/* Begin PBXFrameworksBuildPhase section */
		2AD8C47A251AE39B0021155A /* Frameworks */ = {
			isa = PBXFrameworksBuildPhase;
			buildActionMask = 2147483647;
			files = (
				BE20ED5349189D32A092A79C /* Pods_Flix.framework in Frameworks */,
			);
			runOnlyForDeploymentPostprocessing = 0;
		};
/* End PBXFrameworksBuildPhase section */

/* Begin PBXGroup section */
		02296B061F45EC1E67D6207C /* Frameworks */ = {
			isa = PBXGroup;
			children = (
				31C550D5F327E52B409CF749 /* Pods_Flix.framework */,
			);
			name = Frameworks;
			sourceTree = "<group>";
		};
		29303481440F1A3896C79CF2 /* Pods */ = {
			isa = PBXGroup;
			children = (
				8A16089735057E8658237447 /* Pods-Flix.debug.xcconfig */,
				069EC77B658A3ABAA0BCFBFA /* Pods-Flix.release.xcconfig */,
			);
			path = Pods;
			sourceTree = "<group>";
		};
		2AD8C474251AE39B0021155A = {
			isa = PBXGroup;
			children = (
				2AD8C47F251AE39B0021155A /* Flix */,
				2AD8C47E251AE39B0021155A /* Products */,
				29303481440F1A3896C79CF2 /* Pods */,
				02296B061F45EC1E67D6207C /* Frameworks */,
			);
			sourceTree = "<group>";
		};
		2AD8C47E251AE39B0021155A /* Products */ = {
			isa = PBXGroup;
			children = (
				2AD8C47D251AE39B0021155A /* Flix.app */,
			);
			name = Products;
			sourceTree = "<group>";
		};
		2AD8C47F251AE39B0021155A /* Flix */ = {
			isa = PBXGroup;
			children = (
				2AD8C480251AE39B0021155A /* AppDelegate.swift */,
				2AD8C482251AE39B0021155A /* SceneDelegate.swift */,
				2AD8C486251AE39B0021155A /* Main.storyboard */,
				2A917B4925206FE500DC46E1 /* MovieGridCell.swift */,
				2A917B2825200C9800DC46E1 /* MovieDetailsViewController.swift */,
				2A917B4625206F7700DC46E1 /* MovieGridViewController.swift */,
				2A917B4C2520E24D00DC46E1 /* MovieTrailorViewController.swift */,
				2AD8C49C251AEB910021155A /* moviesCell.swift */,
				2A917B3B25206D3400DC46E1 /* MoviesViewController.swift */,
				2AD8C489251AE39E0021155A /* Assets.xcassets */,
				2AD8C48B251AE39E0021155A /* LaunchScreen.storyboard */,
				2AD8C48E251AE39E0021155A /* Info.plist */,
			);
			path = Flix;
			sourceTree = "<group>";
		};
/* End PBXGroup section */

/* Begin PBXNativeTarget section */
		2AD8C47C251AE39B0021155A /* Flix */ = {
			isa = PBXNativeTarget;
			buildConfigurationList = 2AD8C491251AE39E0021155A /* Build configuration list for PBXNativeTarget "Flix" */;
			buildPhases = (
				99751E0CF5C0EBD1B76481E0 /* [CP] Check Pods Manifest.lock */,
				2AD8C479251AE39B0021155A /* Sources */,
				2AD8C47A251AE39B0021155A /* Frameworks */,
				2AD8C47B251AE39B0021155A /* Resources */,
				5495CC2F7A1B75E3E241312A /* [CP] Embed Pods Frameworks */,
			);
			buildRules = (
			);
			dependencies = (
			);
			name = Flix;
			productName = Flix;
			productReference = 2AD8C47D251AE39B0021155A /* Flix.app */;
			productType = "com.apple.product-type.application";
		};
/* End PBXNativeTarget section */

/* Begin PBXProject section */
		2AD8C475251AE39B0021155A /* Project object */ = {
			isa = PBXProject;
			attributes = {
				LastSwiftUpdateCheck = 1200;
				LastUpgradeCheck = 1200;
				TargetAttributes = {
					2AD8C47C251AE39B0021155A = {
						CreatedOnToolsVersion = 12.0;
					};
				};
			};
			buildConfigurationList = 2AD8C478251AE39B0021155A /* Build configuration list for PBXProject "Flix" */;
			compatibilityVersion = "Xcode 9.3";
			developmentRegion = en;
			hasScannedForEncodings = 0;
			knownRegions = (
				en,
				Base,
			);
			mainGroup = 2AD8C474251AE39B0021155A;
			productRefGroup = 2AD8C47E251AE39B0021155A /* Products */;
			projectDirPath = "";
			projectRoot = "";
			targets = (
				2AD8C47C251AE39B0021155A /* Flix */,
			);
		};
/* End PBXProject section */

/* Begin PBXResourcesBuildPhase section */
		2AD8C47B251AE39B0021155A /* Resources */ = {
			isa = PBXResourcesBuildPhase;
			buildActionMask = 2147483647;
			files = (
				2AD8C48D251AE39E0021155A /* LaunchScreen.storyboard in Resources */,
				2AD8C48A251AE39E0021155A /* Assets.xcassets in Resources */,
				2AD8C488251AE39B0021155A /* Main.storyboard in Resources */,
			);
			runOnlyForDeploymentPostprocessing = 0;
		};
/* End PBXResourcesBuildPhase section */

/* Begin PBXShellScriptBuildPhase section */
		5495CC2F7A1B75E3E241312A /* [CP] Embed Pods Frameworks */ = {
			isa = PBXShellScriptBuildPhase;
			buildActionMask = 2147483647;
			files = (
			);
			inputFileListPaths = (
				"${PODS_ROOT}/Target Support Files/Pods-Flix/Pods-Flix-frameworks-${CONFIGURATION}-input-files.xcfilelist",
			);
			name = "[CP] Embed Pods Frameworks";
			outputFileListPaths = (
				"${PODS_ROOT}/Target Support Files/Pods-Flix/Pods-Flix-frameworks-${CONFIGURATION}-output-files.xcfilelist",
			);
			runOnlyForDeploymentPostprocessing = 0;
			shellPath = /bin/sh;
			shellScript = "\"${PODS_ROOT}/Target Support Files/Pods-Flix/Pods-Flix-frameworks.sh\"\n";
			showEnvVarsInLog = 0;
		};
		99751E0CF5C0EBD1B76481E0 /* [CP] Check Pods Manifest.lock */ = {
			isa = PBXShellScriptBuildPhase;
			buildActionMask = 2147483647;
			files = (
			);
			inputFileListPaths = (
			);
			inputPaths = (
				"${PODS_PODFILE_DIR_PATH}/Podfile.lock",
				"${PODS_ROOT}/Manifest.lock",
			);
			name = "[CP] Check Pods Manifest.lock";
			outputFileListPaths = (
			);
			outputPaths = (
				"$(DERIVED_FILE_DIR)/Pods-Flix-checkManifestLockResult.txt",
			);
			runOnlyForDeploymentPostprocessing = 0;
			shellPath = /bin/sh;
			shellScript = "diff \"${PODS_PODFILE_DIR_PATH}/Podfile.lock\" \"${PODS_ROOT}/Manifest.lock\" > /dev/null\nif [ $? != 0 ] ; then\n    # print error to STDERR\n    echo \"error: The sandbox is not in sync with the Podfile.lock. Run 'pod install' or update your CocoaPods installation.\" >&2\n    exit 1\nfi\n# This output is used by Xcode 'outputs' to avoid re-running this script phase.\necho \"SUCCESS\" > \"${SCRIPT_OUTPUT_FILE_0}\"\n";
			showEnvVarsInLog = 0;
		};
/* End PBXShellScriptBuildPhase section */

/* Begin PBXSourcesBuildPhase section */
		2AD8C479251AE39B0021155A /* Sources */ = {
			isa = PBXSourcesBuildPhase;
			buildActionMask = 2147483647;
			files = (
				2AD8C481251AE39B0021155A /* AppDelegate.swift in Sources */,
				2A917B2925200C9800DC46E1 /* MovieDetailsViewController.swift in Sources */,
				2AD8C49D251AEB910021155A /* moviesCell.swift in Sources */,
				2AD8C483251AE39B0021155A /* SceneDelegate.swift in Sources */,
				2A917B3C25206D3400DC46E1 /* MoviesViewController.swift in Sources */,
				2A917B4725206F7700DC46E1 /* MovieGridViewController.swift in Sources */,
				2A917B4D2520E24D00DC46E1 /* MovieTrailorViewController.swift in Sources */,
				2A917B4A25206FE500DC46E1 /* MovieGridCell.swift in Sources */,
			);
			runOnlyForDeploymentPostprocessing = 0;
		};
/* End PBXSourcesBuildPhase section */

/* Begin PBXVariantGroup section */
		2AD8C486251AE39B0021155A /* Main.storyboard */ = {
			isa = PBXVariantGroup;
			children = (
				2AD8C487251AE39B0021155A /* Base */,
			);
			name = Main.storyboard;
			sourceTree = "<group>";
		};
		2AD8C48B251AE39E0021155A /* LaunchScreen.storyboard */ = {
			isa = PBXVariantGroup;
			children = (
				2AD8C48C251AE39E0021155A /* Base */,
			);
			name = LaunchScreen.storyboard;
			sourceTree = "<group>";
		};
/* End PBXVariantGroup section */

/* Begin XCBuildConfiguration section */
		2AD8C48F251AE39E0021155A /* Debug */ = {
			isa = XCBuildConfiguration;
			buildSettings = {
				ALWAYS_SEARCH_USER_PATHS = NO;
				CLANG_ANALYZER_NONNULL = YES;
				CLANG_ANALYZER_NUMBER_OBJECT_CONVERSION = YES_AGGRESSIVE;
				CLANG_CXX_LANGUAGE_STANDARD = "gnu++14";
				CLANG_CXX_LIBRARY = "libc++";
				CLANG_ENABLE_MODULES = YES;
				CLANG_ENABLE_OBJC_ARC = YES;
				CLANG_ENABLE_OBJC_WEAK = YES;
				CLANG_WARN_BLOCK_CAPTURE_AUTORELEASING = YES;
				CLANG_WARN_BOOL_CONVERSION = YES;
				CLANG_WARN_COMMA = YES;
				CLANG_WARN_CONSTANT_CONVERSION = YES;
				CLANG_WARN_DEPRECATED_OBJC_IMPLEMENTATIONS = YES;
				CLANG_WARN_DIRECT_OBJC_ISA_USAGE = YES_ERROR;
				CLANG_WARN_DOCUMENTATION_COMMENTS = YES;
				CLANG_WARN_EMPTY_BODY = YES;
				CLANG_WARN_ENUM_CONVERSION = YES;
				CLANG_WARN_INFINITE_RECURSION = YES;
				CLANG_WARN_INT_CONVERSION = YES;
				CLANG_WARN_NON_LITERAL_NULL_CONVERSION = YES;
				CLANG_WARN_OBJC_IMPLICIT_RETAIN_SELF = YES;
				CLANG_WARN_OBJC_LITERAL_CONVERSION = YES;
				CLANG_WARN_OBJC_ROOT_CLASS = YES_ERROR;
				CLANG_WARN_QUOTED_INCLUDE_IN_FRAMEWORK_HEADER = YES;
				CLANG_WARN_RANGE_LOOP_ANALYSIS = YES;
				CLANG_WARN_STRICT_PROTOTYPES = YES;
				CLANG_WARN_SUSPICIOUS_MOVE = YES;
				CLANG_WARN_UNGUARDED_AVAILABILITY = YES_AGGRESSIVE;
				CLANG_WARN_UNREACHABLE_CODE = YES;
				CLANG_WARN__DUPLICATE_METHOD_MATCH = YES;
				COPY_PHASE_STRIP = NO;
				DEBUG_INFORMATION_FORMAT = dwarf;
				ENABLE_STRICT_OBJC_MSGSEND = YES;
				ENABLE_TESTABILITY = YES;
				GCC_C_LANGUAGE_STANDARD = gnu11;
				GCC_DYNAMIC_NO_PIC = NO;
				GCC_NO_COMMON_BLOCKS = YES;
				GCC_OPTIMIZATION_LEVEL = 0;
				GCC_PREPROCESSOR_DEFINITIONS = (
					"DEBUG=1",
					"$(inherited)",
				);
				GCC_WARN_64_TO_32_BIT_CONVERSION = YES;
				GCC_WARN_ABOUT_RETURN_TYPE = YES_ERROR;
				GCC_WARN_UNDECLARED_SELECTOR = YES;
				GCC_WARN_UNINITIALIZED_AUTOS = YES_AGGRESSIVE;
				GCC_WARN_UNUSED_FUNCTION = YES;
				GCC_WARN_UNUSED_VARIABLE = YES;
				IPHONEOS_DEPLOYMENT_TARGET = 14.0;
				MTL_ENABLE_DEBUG_INFO = INCLUDE_SOURCE;
				MTL_FAST_MATH = YES;
				ONLY_ACTIVE_ARCH = YES;
				SDKROOT = iphoneos;
				SWIFT_ACTIVE_COMPILATION_CONDITIONS = DEBUG;
				SWIFT_OPTIMIZATION_LEVEL = "-Onone";
			};
			name = Debug;
		};
		2AD8C490251AE39E0021155A /* Release */ = {
			isa = XCBuildConfiguration;
			buildSettings = {
				ALWAYS_SEARCH_USER_PATHS = NO;
				CLANG_ANALYZER_NONNULL = YES;
				CLANG_ANALYZER_NUMBER_OBJECT_CONVERSION = YES_AGGRESSIVE;
				CLANG_CXX_LANGUAGE_STANDARD = "gnu++14";
				CLANG_CXX_LIBRARY = "libc++";
				CLANG_ENABLE_MODULES = YES;
				CLANG_ENABLE_OBJC_ARC = YES;
				CLANG_ENABLE_OBJC_WEAK = YES;
				CLANG_WARN_BLOCK_CAPTURE_AUTORELEASING = YES;
				CLANG_WARN_BOOL_CONVERSION = YES;
				CLANG_WARN_COMMA = YES;
				CLANG_WARN_CONSTANT_CONVERSION = YES;
				CLANG_WARN_DEPRECATED_OBJC_IMPLEMENTATIONS = YES;
				CLANG_WARN_DIRECT_OBJC_ISA_USAGE = YES_ERROR;
				CLANG_WARN_DOCUMENTATION_COMMENTS = YES;
				CLANG_WARN_EMPTY_BODY = YES;
				CLANG_WARN_ENUM_CONVERSION = YES;
				CLANG_WARN_INFINITE_RECURSION = YES;
				CLANG_WARN_INT_CONVERSION = YES;
				CLANG_WARN_NON_LITERAL_NULL_CONVERSION = YES;
				CLANG_WARN_OBJC_IMPLICIT_RETAIN_SELF = YES;
				CLANG_WARN_OBJC_LITERAL_CONVERSION = YES;
				CLANG_WARN_OBJC_ROOT_CLASS = YES_ERROR;
				CLANG_WARN_QUOTED_INCLUDE_IN_FRAMEWORK_HEADER = YES;
				CLANG_WARN_RANGE_LOOP_ANALYSIS = YES;
				CLANG_WARN_STRICT_PROTOTYPES = YES;
				CLANG_WARN_SUSPICIOUS_MOVE = YES;
				CLANG_WARN_UNGUARDED_AVAILABILITY = YES_AGGRESSIVE;
				CLANG_WARN_UNREACHABLE_CODE = YES;
				CLANG_WARN__DUPLICATE_METHOD_MATCH = YES;
				COPY_PHASE_STRIP = NO;
				DEBUG_INFORMATION_FORMAT = "dwarf-with-dsym";
				ENABLE_NS_ASSERTIONS = NO;
				ENABLE_STRICT_OBJC_MSGSEND = YES;
				GCC_C_LANGUAGE_STANDARD = gnu11;
				GCC_NO_COMMON_BLOCKS = YES;
				GCC_WARN_64_TO_32_BIT_CONVERSION = YES;
				GCC_WARN_ABOUT_RETURN_TYPE = YES_ERROR;
				GCC_WARN_UNDECLARED_SELECTOR = YES;
				GCC_WARN_UNINITIALIZED_AUTOS = YES_AGGRESSIVE;
				GCC_WARN_UNUSED_FUNCTION = YES;
				GCC_WARN_UNUSED_VARIABLE = YES;
				IPHONEOS_DEPLOYMENT_TARGET = 14.0;
				MTL_ENABLE_DEBUG_INFO = NO;
				MTL_FAST_MATH = YES;
				SDKROOT = iphoneos;
				SWIFT_COMPILATION_MODE = wholemodule;
				SWIFT_OPTIMIZATION_LEVEL = "-O";
				VALIDATE_PRODUCT = YES;
			};
			name = Release;
		};
		2AD8C492251AE39E0021155A /* Debug */ = {
			isa = XCBuildConfiguration;
			baseConfigurationReference = 8A16089735057E8658237447 /* Pods-Flix.debug.xcconfig */;
			buildSettings = {
				ASSETCATALOG_COMPILER_APPICON_NAME = AppIcon;
				ASSETCATALOG_COMPILER_GLOBAL_ACCENT_COLOR_NAME = AccentColor;
				CODE_SIGN_STYLE = Automatic;
				DEVELOPMENT_TEAM = JBP6M78X5Y;
				INFOPLIST_FILE = Flix/Info.plist;
				IPHONEOS_DEPLOYMENT_TARGET = 14.0;
				LD_RUNPATH_SEARCH_PATHS = (
					"$(inherited)",
					"@executable_path/Frameworks",
				);
				PRODUCT_BUNDLE_IDENTIFIER = FlixApp;
				PRODUCT_NAME = "$(TARGET_NAME)";
				SWIFT_VERSION = 5.0;
				TARGETED_DEVICE_FAMILY = "1,2";
			};
			name = Debug;
		};
		2AD8C493251AE39E0021155A /* Release */ = {
			isa = XCBuildConfiguration;
			baseConfigurationReference = 069EC77B658A3ABAA0BCFBFA /* Pods-Flix.release.xcconfig */;
			buildSettings = {
				ASSETCATALOG_COMPILER_APPICON_NAME = AppIcon;
				ASSETCATALOG_COMPILER_GLOBAL_ACCENT_COLOR_NAME = AccentColor;
				CODE_SIGN_STYLE = Automatic;
				DEVELOPMENT_TEAM = JBP6M78X5Y;
				INFOPLIST_FILE = Flix/Info.plist;
				IPHONEOS_DEPLOYMENT_TARGET = 14.0;
				LD_RUNPATH_SEARCH_PATHS = (
					"$(inherited)",
					"@executable_path/Frameworks",
				);
				PRODUCT_BUNDLE_IDENTIFIER = FlixApp;
				PRODUCT_NAME = "$(TARGET_NAME)";
				SWIFT_VERSION = 5.0;
				TARGETED_DEVICE_FAMILY = "1,2";
			};
			name = Release;
		};
/* End XCBuildConfiguration section */

/* Begin XCConfigurationList section */
		2AD8C478251AE39B0021155A /* Build configuration list for PBXProject "Flix" */ = {
			isa = XCConfigurationList;
			buildConfigurations = (
				2AD8C48F251AE39E0021155A /* Debug */,
				2AD8C490251AE39E0021155A /* Release */,
			);
			defaultConfigurationIsVisible = 0;
			defaultConfigurationName = Release;
		};
		2AD8C491251AE39E0021155A /* Build configuration list for PBXNativeTarget "Flix" */ = {
			isa = XCConfigurationList;
			buildConfigurations = (
				2AD8C492251AE39E0021155A /* Debug */,
				2AD8C493251AE39E0021155A /* Release */,
			);
			defaultConfigurationIsVisible = 0;
			defaultConfigurationName = Release;
		};
/* End XCConfigurationList section */
	};
	rootObject = 2AD8C475251AE39B0021155A /* Project object */;
}
